// !$*UTF8*$!
{
	archiveVersion = 1;
	classes = {
	};
	objectVersion = 46;
	objects = {

/* Begin PBXBuildFile section */
		4208C3981A9BC3B4008F041A /* main.m in Sources */ = {isa = PBXBuildFile; fileRef = 4208C3971A9BC3B4008F041A /* main.m */; };
		4208C39B1A9BC3B4008F041A /* AppDelegate.m in Sources */ = {isa = PBXBuildFile; fileRef = 4208C39A1A9BC3B4008F041A /* AppDelegate.m */; };
		4208C39E1A9BC3B5008F041A /* ViewController.m in Sources */ = {isa = PBXBuildFile; fileRef = 4208C39D1A9BC3B4008F041A /* ViewController.m */; };
		4208C3A11A9BC3B5008F041A /* Main.storyboard in Resources */ = {isa = PBXBuildFile; fileRef = 4208C39F1A9BC3B5008F041A /* Main.storyboard */; };
		4208C3A31A9BC3B5008F041A /* Images.xcassets in Resources */ = {isa = PBXBuildFile; fileRef = 4208C3A21A9BC3B5008F041A /* Images.xcassets */; };
		4208C3A61A9BC3B5008F041A /* LaunchScreen.xib in Resources */ = {isa = PBXBuildFile; fileRef = 4208C3A41A9BC3B5008F041A /* LaunchScreen.xib */; };
		4208C3B21A9BC3B5008F041A /* AutoClaimTests.m in Sources */ = {isa = PBXBuildFile; fileRef = 4208C3B11A9BC3B5008F041A /* AutoClaimTests.m */; };
/* End PBXBuildFile section */

/* Begin PBXContainerItemProxy section */
		4208C3AC1A9BC3B5008F041A /* PBXContainerItemProxy */ = {
			isa = PBXContainerItemProxy;
			containerPortal = 4208C38A1A9BC3B4008F041A /* Project object */;
			proxyType = 1;
			remoteGlobalIDString = 4208C3911A9BC3B4008F041A;
			remoteInfo = AutoClaim;
		};
/* End PBXContainerItemProxy section */

/* Begin PBXFileReference section */
		4208C3921A9BC3B4008F041A /* AutoClaim.app */ = {isa = PBXFileReference; explicitFileType = wrapper.application; includeInIndex = 0; path = AutoClaim.app; sourceTree = BUILT_PRODUCTS_DIR; };
		4208C3961A9BC3B4008F041A /* Info.plist */ = {isa = PBXFileReference; lastKnownFileType = text.plist.xml; path = Info.plist; sourceTree = "<group>"; };
		4208C3971A9BC3B4008F041A /* main.m */ = {isa = PBXFileReference; lastKnownFileType = sourcecode.c.objc; path = main.m; sourceTree = "<group>"; };
		4208C3991A9BC3B4008F041A /* AppDelegate.h */ = {isa = PBXFileReference; lastKnownFileType = sourcecode.c.h; path = AppDelegate.h; sourceTree = "<group>"; };
		4208C39A1A9BC3B4008F041A /* AppDelegate.m */ = {isa = PBXFileReference; lastKnownFileType = sourcecode.c.objc; path = AppDelegate.m; sourceTree = "<group>"; };
		4208C39C1A9BC3B4008F041A /* ViewController.h */ = {isa = PBXFileReference; lastKnownFileType = sourcecode.c.h; path = ViewController.h; sourceTree = "<group>"; };
		4208C39D1A9BC3B4008F041A /* ViewController.m */ = {isa = PBXFileReference; lastKnownFileType = sourcecode.c.objc; path = ViewController.m; sourceTree = "<group>"; };
		4208C3A01A9BC3B5008F041A /* Base */ = {isa = PBXFileReference; lastKnownFileType = file.storyboard; name = Base; path = Base.lproj/Main.storyboard; sourceTree = "<group>"; };
		4208C3A21A9BC3B5008F041A /* Images.xcassets */ = {isa = PBXFileReference; lastKnownFileType = folder.assetcatalog; path = Images.xcassets; sourceTree = "<group>"; };
		4208C3A51A9BC3B5008F041A /* Base */ = {isa = PBXFileReference; lastKnownFileType = file.xib; name = Base; path = Base.lproj/LaunchScreen.xib; sourceTree = "<group>"; };
		4208C3AB1A9BC3B5008F041A /* AutoClaimTests.xctest */ = {isa = PBXFileReference; explicitFileType = wrapper.cfbundle; includeInIndex = 0; path = AutoClaimTests.xctest; sourceTree = BUILT_PRODUCTS_DIR; };
		4208C3B01A9BC3B5008F041A /* Info.plist */ = {isa = PBXFileReference; lastKnownFileType = text.plist.xml; path = Info.plist; sourceTree = "<group>"; };
		4208C3B11A9BC3B5008F041A /* AutoClaimTests.m */ = {isa = PBXFileReference; lastKnownFileType = sourcecode.c.objc; path = AutoClaimTests.m; sourceTree = "<group>"; };
/* End PBXFileReference section */

/* Begin PBXFrameworksBuildPhase section */
		4208C38F1A9BC3B4008F041A /* Frameworks */ = {
			isa = PBXFrameworksBuildPhase;
			buildActionMask = 2147483647;
			files = (
			);
			runOnlyForDeploymentPostprocessing = 0;
		};
		4208C3A81A9BC3B5008F041A /* Frameworks */ = {
			isa = PBXFrameworksBuildPhase;
			buildActionMask = 2147483647;
			files = (
			);
			runOnlyForDeploymentPostprocessing = 0;
		};
/* End PBXFrameworksBuildPhase section */

/* Begin PBXGroup section */
		4208C3891A9BC3B4008F041A = {
			isa = PBXGroup;
			children = (
				4208C3941A9BC3B4008F041A /* AutoClaim */,
				4208C3AE1A9BC3B5008F041A /* AutoClaimTests */,
				4208C3931A9BC3B4008F041A /* Products */,
			);
			sourceTree = "<group>";
		};
		4208C3931A9BC3B4008F041A /* Products */ = {
			isa = PBXGroup;
			children = (
				4208C3921A9BC3B4008F041A /* AutoClaim.app */,
				4208C3AB1A9BC3B5008F041A /* AutoClaimTests.xctest */,
			);
			name = Products;
			sourceTree = "<group>";
		};
		4208C3941A9BC3B4008F041A /* AutoClaim */ = {
			isa = PBXGroup;
			children = (
				4208C3991A9BC3B4008F041A /* AppDelegate.h */,
				4208C39A1A9BC3B4008F041A /* AppDelegate.m */,
				4208C39C1A9BC3B4008F041A /* ViewController.h */,
				4208C39D1A9BC3B4008F041A /* ViewController.m */,
				4208C39F1A9BC3B5008F041A /* Main.storyboard */,
				4208C3A21A9BC3B5008F041A /* Images.xcassets */,
				4208C3A41A9BC3B5008F041A /* LaunchScreen.xib */,
				4208C3951A9BC3B4008F041A /* Supporting Files */,
			);
			path = AutoClaim;
			sourceTree = "<group>";
		};
		4208C3951A9BC3B4008F041A /* Supporting Files */ = {
			isa = PBXGroup;
			children = (
				4208C3961A9BC3B4008F041A /* Info.plist */,
				4208C3971A9BC3B4008F041A /* main.m */,
			);
			name = "Supporting Files";
			sourceTree = "<group>";
		};
		4208C3AE1A9BC3B5008F041A /* AutoClaimTests */ = {
			isa = PBXGroup;
			children = (
				4208C3B11A9BC3B5008F041A /* AutoClaimTests.m */,
				4208C3AF1A9BC3B5008F041A /* Supporting Files */,
			);
			path = AutoClaimTests;
			sourceTree = "<group>";
		};
		4208C3AF1A9BC3B5008F041A /* Supporting Files */ = {
			isa = PBXGroup;
			children = (
				4208C3B01A9BC3B5008F041A /* Info.plist */,
			);
			name = "Supporting Files";
			sourceTree = "<group>";
		};
/* End PBXGroup section */

/* Begin PBXNativeTarget section */
		4208C3911A9BC3B4008F041A /* AutoClaim */ = {
			isa = PBXNativeTarget;
			buildConfigurationList = 4208C3B51A9BC3B5008F041A /* Build configuration list for PBXNativeTarget "AutoClaim" */;
			buildPhases = (
				4208C38E1A9BC3B4008F041A /* Sources */,
				4208C38F1A9BC3B4008F041A /* Frameworks */,
				4208C3901A9BC3B4008F041A /* Resources */,
			);
			buildRules = (
			);
			dependencies = (
			);
			name = AutoClaim;
			productName = AutoClaim;
			productReference = 4208C3921A9BC3B4008F041A /* AutoClaim.app */;
			productType = "com.apple.product-type.application";
		};
		4208C3AA1A9BC3B5008F041A /* AutoClaimTests */ = {
			isa = PBXNativeTarget;
			buildConfigurationList = 4208C3B81A9BC3B5008F041A /* Build configuration list for PBXNativeTarget "AutoClaimTests" */;
			buildPhases = (
				4208C3A71A9BC3B5008F041A /* Sources */,
				4208C3A81A9BC3B5008F041A /* Frameworks */,
				4208C3A91A9BC3B5008F041A /* Resources */,
			);
			buildRules = (
			);
			dependencies = (
				4208C3AD1A9BC3B5008F041A /* PBXTargetDependency */,
			);
			name = AutoClaimTests;
			productName = AutoClaimTests;
			productReference = 4208C3AB1A9BC3B5008F041A /* AutoClaimTests.xctest */;
			productType = "com.apple.product-type.bundle.unit-test";
		};
/* End PBXNativeTarget section */

/* Begin PBXProject section */
		4208C38A1A9BC3B4008F041A /* Project object */ = {
			isa = PBXProject;
			attributes = {
				LastUpgradeCheck = 0610;
				ORGANIZATIONNAME = sampath;
				TargetAttributes = {
					4208C3911A9BC3B4008F041A = {
						CreatedOnToolsVersion = 6.1.1;
					};
					4208C3AA1A9BC3B5008F041A = {
						CreatedOnToolsVersion = 6.1.1;
						TestTargetID = 4208C3911A9BC3B4008F041A;
					};
				};
			};
			buildConfigurationList = 4208C38D1A9BC3B4008F041A /* Build configuration list for PBXProject "AutoClaim" */;
			compatibilityVersion = "Xcode 3.2";
			developmentRegion = English;
			hasScannedForEncodings = 0;
			knownRegions = (
				en,
				Base,
			);
			mainGroup = 4208C3891A9BC3B4008F041A;
			productRefGroup = 4208C3931A9BC3B4008F041A /* Products */;
			projectDirPath = "";
			projectRoot = "";
			targets = (
				4208C3911A9BC3B4008F041A /* AutoClaim */,
				4208C3AA1A9BC3B5008F041A /* AutoClaimTests */,
			);
		};
/* End PBXProject section */

/* Begin PBXResourcesBuildPhase section */
		4208C3901A9BC3B4008F041A /* Resources */ = {
			isa = PBXResourcesBuildPhase;
			buildActionMask = 2147483647;
			files = (
				4208C3A11A9BC3B5008F041A /* Main.storyboard in Resources */,
				4208C3A61A9BC3B5008F041A /* LaunchScreen.xib in Resources */,
				4208C3A31A9BC3B5008F041A /* Images.xcassets in Resources */,
			);
			runOnlyForDeploymentPostprocessing = 0;
		};
		4208C3A91A9BC3B5008F041A /* Resources */ = {
			isa = PBXResourcesBuildPhase;
			buildActionMask = 2147483647;
			files = (
			);
			runOnlyForDeploymentPostprocessing = 0;
		};
/* End PBXResourcesBuildPhase section */

/* Begin PBXSourcesBuildPhase section */
		4208C38E1A9BC3B4008F041A /* Sources */ = {
			isa = PBXSourcesBuildPhase;
			buildActionMask = 2147483647;
			files = (
				4208C39E1A9BC3B5008F041A /* ViewController.m in Sources */,
				4208C39B1A9BC3B4008F041A /* AppDelegate.m in Sources */,
				4208C3981A9BC3B4008F041A /* main.m in Sources */,
			);
			runOnlyForDeploymentPostprocessing = 0;
		};
		4208C3A71A9BC3B5008F041A /* Sources */ = {
			isa = PBXSourcesBuildPhase;
			buildActionMask = 2147483647;
			files = (
				4208C3B21A9BC3B5008F041A /* AutoClaimTests.m in Sources */,
			);
			runOnlyForDeploymentPostprocessing = 0;
		};
/* End PBXSourcesBuildPhase section */

/* Begin PBXTargetDependency section */
		4208C3AD1A9BC3B5008F041A /* PBXTargetDependency */ = {
			isa = PBXTargetDependency;
			target = 4208C3911A9BC3B4008F041A /* AutoClaim */;
			targetProxy = 4208C3AC1A9BC3B5008F041A /* PBXContainerItemProxy */;
		};
/* End PBXTargetDependency section */

/* Begin PBXVariantGroup section */
		4208C39F1A9BC3B5008F041A /* Main.storyboard */ = {
			isa = PBXVariantGroup;
			children = (
				4208C3A01A9BC3B5008F041A /* Base */,
			);
			name = Main.storyboard;
			sourceTree = "<group>";
		};
		4208C3A41A9BC3B5008F041A /* LaunchScreen.xib */ = {
			isa = PBXVariantGroup;
			children = (
				4208C3A51A9BC3B5008F041A /* Base */,
			);
			name = LaunchScreen.xib;
			sourceTree = "<group>";
		};
/* End PBXVariantGroup section */

/* Begin XCBuildConfiguration section */
		4208C3B31A9BC3B5008F041A /* Debug */ = {
			isa = XCBuildConfiguration;
			buildSettings = {
				ALWAYS_SEARCH_USER_PATHS = NO;
				CLANG_CXX_LANGUAGE_STANDARD = "gnu++0x";
				CLANG_CXX_LIBRARY = "libc++";
				CLANG_ENABLE_MODULES = YES;
				CLANG_ENABLE_OBJC_ARC = YES;
				CLANG_WARN_BOOL_CONVERSION = YES;
				CLANG_WARN_CONSTANT_CONVERSION = YES;
				CLANG_WARN_DIRECT_OBJC_ISA_USAGE = YES_ERROR;
				CLANG_WARN_EMPTY_BODY = YES;
				CLANG_WARN_ENUM_CONVERSION = YES;
				CLANG_WARN_INT_CONVERSION = YES;
				CLANG_WARN_OBJC_ROOT_CLASS = YES_ERROR;
				CLANG_WARN_UNREACHABLE_CODE = YES;
				CLANG_WARN__DUPLICATE_METHOD_MATCH = YES;
				"CODE_SIGN_IDENTITY[sdk=iphoneos*]" = "iPhone Developer";
				COPY_PHASE_STRIP = NO;
				ENABLE_STRICT_OBJC_MSGSEND = YES;
				GCC_C_LANGUAGE_STANDARD = gnu99;
				GCC_DYNAMIC_NO_PIC = NO;
				GCC_OPTIMIZATION_LEVEL = 0;
				GCC_PREPROCESSOR_DEFINITIONS = (
					"DEBUG=1",
					"$(inherited)",
				);
				GCC_SYMBOLS_PRIVATE_EXTERN = NO;
				GCC_WARN_64_TO_32_BIT_CONVERSION = YES;
				GCC_WARN_ABOUT_RETURN_TYPE = YES_ERROR;
				GCC_WARN_UNDECLARED_SELECTOR = YES;
				GCC_WARN_UNINITIALIZED_AUTOS = YES_AGGRESSIVE;
				GCC_WARN_UNUSED_FUNCTION = YES;
				GCC_WARN_UNUSED_VARIABLE = YES;
				IPHONEOS_DEPLOYMENT_TARGET = 8.1;
				MTL_ENABLE_DEBUG_INFO = YES;
				ONLY_ACTIVE_ARCH = YES;
				SDKROOT = iphoneos;
			};
			name = Debug;
		};
		4208C3B41A9BC3B5008F041A /* Release */ = {
			isa = XCBuildConfiguration;
			buildSettings = {
				ALWAYS_SEARCH_USER_PATHS = NO;
				CLANG_CXX_LANGUAGE_STANDARD = "gnu++0x";
				CLANG_CXX_LIBRARY = "libc++";
				CLANG_ENABLE_MODULES = YES;
				CLANG_ENABLE_OBJC_ARC = YES;
				CLANG_WARN_BOOL_CONVERSION = YES;
				CLANG_WARN_CONSTANT_CONVERSION = YES;
				CLANG_WARN_DIRECT_OBJC_ISA_USAGE = YES_ERROR;
				CLANG_WARN_EMPTY_BODY = YES;
				CLANG_WARN_ENUM_CONVERSION = YES;
				CLANG_WARN_INT_CONVERSION = YES;
				CLANG_WARN_OBJC_ROOT_CLASS = YES_ERROR;
				CLANG_WARN_UNREACHABLE_CODE = YES;
				CLANG_WARN__DUPLICATE_METHOD_MATCH = YES;
				"CODE_SIGN_IDENTITY[sdk=iphoneos*]" = "iPhone Developer";
				COPY_PHASE_STRIP = YES;
				ENABLE_NS_ASSERTIONS = NO;
				ENABLE_STRICT_OBJC_MSGSEND = YES;
				GCC_C_LANGUAGE_STANDARD = gnu99;
				GCC_WARN_64_TO_32_BIT_CONVERSION = YES;
				GCC_WARN_ABOUT_RETURN_TYPE = YES_ERROR;
				GCC_WARN_UNDECLARED_SELECTOR = YES;
				GCC_WARN_UNINITIALIZED_AUTOS = YES_AGGRESSIVE;
				GCC_WARN_UNUSED_FUNCTION = YES;
				GCC_WARN_UNUSED_VARIABLE = YES;
				IPHONEOS_DEPLOYMENT_TARGET = 8.1;
				MTL_ENABLE_DEBUG_INFO = NO;
				SDKROOT = iphoneos;
				VALIDATE_PRODUCT = YES;
			};
			name = Release;
		};
		4208C3B61A9BC3B5008F041A /* Debug */ = {
			isa = XCBuildConfiguration;
			buildSettings = {
				ASSETCATALOG_COMPILER_APPICON_NAME = AppIcon;
				INFOPLIST_FILE = AutoClaim/Info.plist;
				LD_RUNPATH_SEARCH_PATHS = "$(inherited) @executable_path/Frameworks";
				PRODUCT_NAME = "$(TARGET_NAME)";
			};
			name = Debug;
		};
		4208C3B71A9BC3B5008F041A /* Release */ = {
			isa = XCBuildConfiguration;
			buildSettings = {
				ASSETCATALOG_COMPILER_APPICON_NAME = AppIcon;
				INFOPLIST_FILE = AutoClaim/Info.plist;
				LD_RUNPATH_SEARCH_PATHS = "$(inherited) @executable_path/Frameworks";
				PRODUCT_NAME = "$(TARGET_NAME)";
			};
			name = Release;
		};
		4208C3B91A9BC3B5008F041A /* Debug */ = {
			isa = XCBuildConfiguration;
			buildSettings = {
				BUNDLE_LOADER = "$(TEST_HOST)";
				FRAMEWORK_SEARCH_PATHS = (
					"$(SDKROOT)/Developer/Library/Frameworks",
					"$(inherited)",
				);
				GCC_PREPROCESSOR_DEFINITIONS = (
					"DEBUG=1",
					"$(inherited)",
				);
				INFOPLIST_FILE = AutoClaimTests/Info.plist;
				LD_RUNPATH_SEARCH_PATHS = "$(inherited) @executable_path/Frameworks @loader_path/Frameworks";
				PRODUCT_NAME = "$(TARGET_NAME)";
				TEST_HOST = "$(BUILT_PRODUCTS_DIR)/AutoClaim.app/AutoClaim";
			};
			name = Debug;
		};
		4208C3BA1A9BC3B5008F041A /* Release */ = {
			isa = XCBuildConfiguration;
			buildSettings = {
				BUNDLE_LOADER = "$(TEST_HOST)";
				FRAMEWORK_SEARCH_PATHS = (
					"$(SDKROOT)/Developer/Library/Frameworks",
					"$(inherited)",
				);
				INFOPLIST_FILE = AutoClaimTests/Info.plist;
				LD_RUNPATH_SEARCH_PATHS = "$(inherited) @executable_path/Frameworks @loader_path/Frameworks";
				PRODUCT_NAME = "$(TARGET_NAME)";
				TEST_HOST = "$(BUILT_PRODUCTS_DIR)/AutoClaim.app/AutoClaim";
			};
			name = Release;
		};
/* End XCBuildConfiguration section */

/* Begin XCConfigurationList section */
		4208C38D1A9BC3B4008F041A /* Build configuration list for PBXProject "AutoClaim" */ = {
			isa = XCConfigurationList;
			buildConfigurations = (
				4208C3B31A9BC3B5008F041A /* Debug */,
				4208C3B41A9BC3B5008F041A /* Release */,
			);
			defaultConfigurationIsVisible = 0;
			defaultConfigurationName = Release;
		};
		4208C3B51A9BC3B5008F041A /* Build configuration list for PBXNativeTarget "AutoClaim" */ = {
			isa = XCConfigurationList;
			buildConfigurations = (
				4208C3B61A9BC3B5008F041A /* Debug */,
				4208C3B71A9BC3B5008F041A /* Release */,
			);
			defaultConfigurationIsVisible = 0;
		};
		4208C3B81A9BC3B5008F041A /* Build configuration list for PBXNativeTarget "AutoClaimTests" */ = {
			isa = XCConfigurationList;
			buildConfigurations = (
				4208C3B91A9BC3B5008F041A /* Debug */,
				4208C3BA1A9BC3B5008F041A /* Release */,
			);
			defaultConfigurationIsVisible = 0;
		};
/* End XCConfigurationList section */
	};
	rootObject = 4208C38A1A9BC3B4008F041A /* Project object */;
}
